
Microsoft Visual Studio Solution File, Format Version 12.00
# Visual Studio Version 17
VisualStudioVersion = 17.4.33110.190
MinimumVisualStudioVersion = 10.0.40219.1
Project("{FAE04EC0-301F-11D3-BF4B-00C04F79EFBC}") = "MhbWasmSQLite.Server", "MhbWasmSQLite\Server\MhbWasmSQLite.Server.csproj", "{9DE7EDFA-08D3-40D1-89D7-C5518AAB6CC3}"
EndProject
Project("{FAE04EC0-301F-11D3-BF4B-00C04F79EFBC}") = "MhbWasmSQLite.Client", "MhbWasmSQLite\Client\MhbWasmSQLite.Client.csproj", "{A50CC663-BD29-4DFA-9556-57A606AAD392}"
EndProject
Project("{FAE04EC0-301F-11D3-BF4B-00C04F79EFBC}") = "MhbWasmSQLite.Shared", "MhbWasmSQLite\Shared\MhbWasmSQLite.Shared.csproj", "{E5DF5E39-B0D2-48CC-B817-36FA9864B707}"
EndProject
Global
	GlobalSection(SolutionConfigurationPlatforms) = preSolution
		Debug|Any CPU = Debug|Any CPU
		Release|Any CPU = Release|Any CPU
	EndGlobalSection
	GlobalSection(ProjectConfigurationPlatforms) = postSolution
		{9DE7EDFA-08D3-40D1-89D7-C5518AAB6CC3}.Debug|Any CPU.ActiveCfg = Debug|Any CPU
		{9DE7EDFA-08D3-40D1-89D7-C5518AAB6CC3}.Debug|Any CPU.Build.0 = Debug|Any CPU
		{9DE7EDFA-08D3-40D1-89D7-C5518AAB6CC3}.Release|Any CPU.ActiveCfg = Release|Any CPU
		{9DE7EDFA-08D3-40D1-89D7-C5518AAB6CC3}.Release|Any CPU.Build.0 = Release|Any CPU
		{A50CC663-BD29-4DFA-9556-57A606AAD392}.Debug|Any CPU.ActiveCfg = Debug|Any CPU
		{A50CC663-BD29-4DFA-9556-57A606AAD392}.Debug|Any CPU.Build.0 = Debug|Any CPU
		{A50CC663-BD29-4DFA-9556-57A606AAD392}.Release|Any CPU.ActiveCfg = Release|Any CPU
		{A50CC663-BD29-4DFA-9556-57A606AAD392}.Release|Any CPU.Build.0 = Release|Any CPU
		{E5DF5E39-B0D2-48CC-B817-36FA9864B707}.Debug|Any CPU.ActiveCfg = Debug|Any CPU
		{E5DF5E39-B0D2-48CC-B817-36FA9864B707}.Debug|Any CPU.Build.0 = Debug|Any CPU
		{E5DF5E39-B0D2-48CC-B817-36FA9864B707}.Release|Any CPU.ActiveCfg = Release|Any CPU
		{E5DF5E39-B0D2-48CC-B817-36FA9864B707}.Release|Any CPU.Build.0 = Release|Any CPU
	EndGlobalSection
	GlobalSection(SolutionProperties) = preSolution
		HideSolutionNode = FALSE
	EndGlobalSection
	GlobalSection(ExtensibilityGlobals) = postSolution
		SolutionGuid = {9FD7B136-6C56-4042-9081-7EAF576AF15C}
	EndGlobalSection
EndGlobal
